# This file is automatically @generated by Cargo.
# It is not intended for manual editing.
version = 4

[[package]]
name = "acter-app"
version = "0.1.0"

[[package]]
name = "acter-core"
version = "0.1.0"

[[package]]
name = "acter-shells"
version = "0.1.0"

[[package]]
name = "acter-term"
version = "0.1.0"

[[package]]
name = "acter-transports"
version = "0.1.0"
